
Microsoft Visual Studio Solution File, Format Version 12.00
# Visual Studio Version 17
VisualStudioVersion = 17.2.32602.215
MinimumVisualStudioVersion = 10.0.40219.1
Project("{9A19103F-16F7-4668-BE54-9A1E7A4F7556}") = "EFTutorial", "EFTutorial.csproj", "{9BC41479-B10C-4FA7-8E78-B3E751669A1A}"
EndProject
Global
	GlobalSection(SolutionConfigurationPlatforms) = preSolution
		Debug|Any CPU = Debug|Any CPU
		Release|Any CPU = Release|Any CPU
	EndGlobalSection
	GlobalSection(ProjectConfigurationPlatforms) = postSolution
		{9BC41479-B10C-4FA7-8E78-B3E751669A1A}.Debug|Any CPU.ActiveCfg = Debug|Any CPU
		{9BC41479-B10C-4FA7-8E78-B3E751669A1A}.Debug|Any CPU.Build.0 = Debug|Any CPU
		{9BC41479-B10C-4FA7-8E78-B3E751669A1A}.Release|Any CPU.ActiveCfg = Release|Any CPU
		{9BC41479-B10C-4FA7-8E78-B3E751669A1A}.Release|Any CPU.Build.0 = Release|Any CPU
	EndGlobalSection
	GlobalSection(SolutionProperties) = preSolution
		HideSolutionNode = FALSE
	EndGlobalSection
	GlobalSection(ExtensibilityGlobals) = postSolution
		SolutionGuid = {7069E56E-DB94-4206-8ECF-EF49DF046A04}
	EndGlobalSection
EndGlobal
